Microsoft Visual Studio Solution File, Format Version 12.00
# Visual Studio Version 17
VisualStudioVersion = 17.5.33516.290
MinimumVisualStudioVersion = 10.0.40219.1
Project("{2150E333-8FDC-42A3-9474-1A3956D46DE8}") = "stuff", "stuff", "{1ABDD7C1-1F8D-402D-8692-3E4B66962DE0}"
	ProjectSection(SolutionItems) = preProject
		appveyor.yml = appveyor.yml
		CHANGELOG.md = CHANGELOG.md
		CONTRIBUTING.md = CONTRIBUTING.md
		LICENSE.md = LICENSE.md
		README.md = README.md
	EndProjectSection
EndProject
Project("{9A19103F-16F7-4668-BE54-9A1E7A4F7556}") = "Rebus.Microsoft.Extensions.Configuration", "Rebus.Microsoft.Extensions.Configuration\Rebus.Microsoft.Extensions.Configuration.csproj", "{12BFE831-AF44-481A-A99A-7190F09E695A}"
EndProject
Project("{9A19103F-16F7-4668-BE54-9A1E7A4F7556}") = "Rebus.Microsoft.Extensions.Configuration.Tests", "Rebus.Microsoft.Extensions.Configuration.Tests\Rebus.Microsoft.Extensions.Configuration.Tests.csproj", "{DEEF2167-C630-43D8-A837-4F915DDFEF5D}"
EndProject
Project("{9A19103F-16F7-4668-BE54-9A1E7A4F7556}") = "TestApp.Messages", "TestApp.Messages\TestApp.Messages.csproj", "{02352DB8-82F0-4765-8BA9-8DB8C004E72C}"
EndProject
Global
	GlobalSection(SolutionConfigurationPlatforms) = preSolution
		Debug|Any CPU = Debug|Any CPU
		Release|Any CPU = Release|Any CPU
	EndGlobalSection
	GlobalSection(ProjectConfigurationPlatforms) = postSolution
		{12BFE831-AF44-481A-A99A-7190F09E695A}.Debug|Any CPU.ActiveCfg = Debug|Any CPU
		{12BFE831-AF44-481A-A99A-7190F09E695A}.Debug|Any CPU.Build.0 = Debug|Any CPU
		{12BFE831-AF44-481A-A99A-7190F09E695A}.Release|Any CPU.ActiveCfg = Release|Any CPU
		{12BFE831-AF44-481A-A99A-7190F09E695A}.Release|Any CPU.Build.0 = Release|Any CPU
		{DEEF2167-C630-43D8-A837-4F915DDFEF5D}.Debug|Any CPU.ActiveCfg = Debug|Any CPU
		{DEEF2167-C630-43D8-A837-4F915DDFEF5D}.Debug|Any CPU.Build.0 = Debug|Any CPU
		{DEEF2167-C630-43D8-A837-4F915DDFEF5D}.Release|Any CPU.ActiveCfg = Release|Any CPU
		{DEEF2167-C630-43D8-A837-4F915DDFEF5D}.Release|Any CPU.Build.0 = Release|Any CPU
		{02352DB8-82F0-4765-8BA9-8DB8C004E72C}.Debug|Any CPU.ActiveCfg = Debug|Any CPU
		{02352DB8-82F0-4765-8BA9-8DB8C004E72C}.Debug|Any CPU.Build.0 = Debug|Any CPU
		{02352DB8-82F0-4765-8BA9-8DB8C004E72C}.Release|Any CPU.ActiveCfg = Release|Any CPU
		{02352DB8-82F0-4765-8BA9-8DB8C004E72C}.Release|Any CPU.Build.0 = Release|Any CPU
	EndGlobalSection
	GlobalSection(SolutionProperties) = preSolution
		HideSolutionNode = FALSE
	EndGlobalSection
	GlobalSection(ExtensibilityGlobals) = postSolution
		SolutionGuid = {8F3138D2-EE5A-4E03-9F58-94751E55BDF9}
	EndGlobalSection
EndGlobal
